
Microsoft Visual Studio Solution File, Format Version 12.00
# Visual Studio Version 17
VisualStudioVersion = 17.9.34607.119
MinimumVisualStudioVersion = 10.0.40219.1
Project("{888888A0-9F3D-457C-B088-3A5042F75D52}") = "PythonApplication26", "PythonApplication26\PythonApplication26.pyproj", "{35C53D85-3B35-42D4-BA5C-3F0E99599F73}"
EndProject
Global
	GlobalSection(SolutionConfigurationPlatforms) = preSolution
		Debug|Any CPU = Debug|Any CPU
		Release|Any CPU = Release|Any CPU
	EndGlobalSection
	GlobalSection(ProjectConfigurationPlatforms) = postSolution
		{35C53D85-3B35-42D4-BA5C-3F0E99599F73}.Debug|Any CPU.ActiveCfg = Debug|Any CPU
		{35C53D85-3B35-42D4-BA5C-3F0E99599F73}.Release|Any CPU.ActiveCfg = Release|Any CPU
	EndGlobalSection
	GlobalSection(SolutionProperties) = preSolution
		HideSolutionNode = FALSE
	EndGlobalSection
	GlobalSection(ExtensibilityGlobals) = postSolution
		SolutionGuid = {69D25F8E-B0AC-456C-99D6-1CC0A41951FB}
	EndGlobalSection
EndGlobal
