
Microsoft Visual Studio Solution File, Format Version 12.00
# Visual Studio Version 17
VisualStudioVersion = 17.0.32014.148
MinimumVisualStudioVersion = 10.0.40219.1
Project("{888888A0-9F3D-457C-B088-3A5042F75D52}") = "PythonApplication19", "PythonApplication19\PythonApplication19.pyproj", "{CD5D7CBC-8BA8-4C6E-B722-778563E32B3C}"
EndProject
Global
	GlobalSection(SolutionConfigurationPlatforms) = preSolution
		Debug|Any CPU = Debug|Any CPU
		Release|Any CPU = Release|Any CPU
	EndGlobalSection
	GlobalSection(ProjectConfigurationPlatforms) = postSolution
		{CD5D7CBC-8BA8-4C6E-B722-778563E32B3C}.Debug|Any CPU.ActiveCfg = Debug|Any CPU
		{CD5D7CBC-8BA8-4C6E-B722-778563E32B3C}.Release|Any CPU.ActiveCfg = Release|Any CPU
	EndGlobalSection
	GlobalSection(SolutionProperties) = preSolution
		HideSolutionNode = FALSE
	EndGlobalSection
	GlobalSection(ExtensibilityGlobals) = postSolution
		SolutionGuid = {7F7539BB-C032-4E17-8DC0-586E95EAFA13}
	EndGlobalSection
EndGlobal
